
Microsoft Visual Studio Solution File, Format Version 12.00
# Visual Studio Version 16
VisualStudioVersion = 16.0.29306.81
MinimumVisualStudioVersion = 10.0.40219.1
Project("{FAE04EC0-301F-11D3-BF4B-00C04F79EFBC}") = "trab 4 bimestre 1 exer", "trab 4 bimestre 1 exer\trab 4 bimestre 1 exer.csproj", "{DD037FAD-9EB8-44C9-92CF-56A69CBC1038}"
EndProject
Global
	GlobalSection(SolutionConfigurationPlatforms) = preSolution
		Debug|Any CPU = Debug|Any CPU
		Release|Any CPU = Release|Any CPU
	EndGlobalSection
	GlobalSection(ProjectConfigurationPlatforms) = postSolution
		{DD037FAD-9EB8-44C9-92CF-56A69CBC1038}.Debug|Any CPU.ActiveCfg = Debug|Any CPU
		{DD037FAD-9EB8-44C9-92CF-56A69CBC1038}.Debug|Any CPU.Build.0 = Debug|Any CPU
		{DD037FAD-9EB8-44C9-92CF-56A69CBC1038}.Release|Any CPU.ActiveCfg = Release|Any CPU
		{DD037FAD-9EB8-44C9-92CF-56A69CBC1038}.Release|Any CPU.Build.0 = Release|Any CPU
	EndGlobalSection
	GlobalSection(SolutionProperties) = preSolution
		HideSolutionNode = FALSE
	EndGlobalSection
	GlobalSection(ExtensibilityGlobals) = postSolution
		SolutionGuid = {EDFAF157-9D4F-466A-B5AF-3EE761DE449A}
	EndGlobalSection
EndGlobal
